
Microsoft Visual Studio Solution File, Format Version 12.00
# Visual Studio Version 17
VisualStudioVersion = 17.3.32922.545
MinimumVisualStudioVersion = 10.0.40219.1
Project("{FAE04EC0-301F-11D3-BF4B-00C04F79EFBC}") = "FileSystem", "FileSystem\FileSystem.csproj", "{1FA5070A-0D88-416F-B4EA-0A3B861ECD4D}"
EndProject
Global
	GlobalSection(SolutionConfigurationPlatforms) = preSolution
		Debug|Any CPU = Debug|Any CPU
		Release|Any CPU = Release|Any CPU
	EndGlobalSection
	GlobalSection(ProjectConfigurationPlatforms) = postSolution
		{1FA5070A-0D88-416F-B4EA-0A3B861ECD4D}.Debug|Any CPU.ActiveCfg = Debug|Any CPU
		{1FA5070A-0D88-416F-B4EA-0A3B861ECD4D}.Debug|Any CPU.Build.0 = Debug|Any CPU
		{1FA5070A-0D88-416F-B4EA-0A3B861ECD4D}.Release|Any CPU.ActiveCfg = Release|Any CPU
		{1FA5070A-0D88-416F-B4EA-0A3B861ECD4D}.Release|Any CPU.Build.0 = Release|Any CPU
	EndGlobalSection
	GlobalSection(SolutionProperties) = preSolution
		HideSolutionNode = FALSE
	EndGlobalSection
	GlobalSection(ExtensibilityGlobals) = postSolution
		SolutionGuid = {26BF8617-1F9A-492C-AE7F-EDF6BB0D46D4}
	EndGlobalSection
EndGlobal
